
Microsoft Visual Studio Solution File, Format Version 12.00
# Visual Studio Version 17
VisualStudioVersion = 17.7.34221.43
MinimumVisualStudioVersion = 10.0.40219.1
Project("{8BC9CEB8-8B4A-11D0-8D11-00A0C91BC942}") = "introducao c", "introducao c\introducao c.vcxproj", "{2D6EBEC3-3225-4821-8E7B-46259BF5CE25}"
EndProject
Project("{8BC9CEB8-8B4A-11D0-8D11-00A0C91BC942}") = "Introdução C 2", "Introdução C 2\Introdução C 2.vcxproj", "{92FC1A7E-0BA1-4D3B-9CFF-F9C89AFDC66E}"
EndProject
Project("{8BC9CEB8-8B4A-11D0-8D11-00A0C91BC942}") = "Introducao C 3", "Introducao C 3\Introducao C 3.vcxproj", "{F01899B9-0878-42D6-9D65-D778C5703313}"
EndProject
Project("{8BC9CEB8-8B4A-11D0-8D11-00A0C91BC942}") = "Introducao C 4", "Introducao C 4\Introducao C 4.vcxproj", "{22896EA6-C5B7-4BD6-9F1D-94206A2D6924}"
EndProject
Project("{8BC9CEB8-8B4A-11D0-8D11-00A0C91BC942}") = "Introducao C 5", "Introducao C 5\Introducao C 5.vcxproj", "{B685AC3E-6DE8-4BDE-82C9-6C40E4B5039B}"
EndProject
Project("{8BC9CEB8-8B4A-11D0-8D11-00A0C91BC942}") = "Introducao C 6", "Introducao C 6\Introducao C 6.vcxproj", "{FB41F419-D1A0-4D53-976C-27EDC00F7F15}"
EndProject
Project("{8BC9CEB8-8B4A-11D0-8D11-00A0C91BC942}") = "Introduçao C 7", "Introduçao C 7\Introduçao C 7.vcxproj", "{BA0FF488-4A55-4663-882A-A1641A1A6E85}"
EndProject
Project("{8BC9CEB8-8B4A-11D0-8D11-00A0C91BC942}") = "Introducao C 7 p2", "Introducao C 7 p2\Introducao C 7 p2.vcxproj", "{0674812A-A703-4C7C-A8CD-70ED0C8CFD55}"
EndProject
Project("{8BC9CEB8-8B4A-11D0-8D11-00A0C91BC942}") = "Introducao C 7 p3", "Introducao C 7 p3\Introducao C 7 p3.vcxproj", "{2B96A793-C12D-4F19-A788-9DC07E4C52CD}"
EndProject
Project("{8BC9CEB8-8B4A-11D0-8D11-00A0C91BC942}") = "Introduçao C 8", "Introduçao C 8\Introduçao C 8.vcxproj", "{9B8F7493-9833-4323-8D30-13E75D1C763C}"
EndProject
Project("{8BC9CEB8-8B4A-11D0-8D11-00A0C91BC942}") = "Introducao C 8 p2", "Introducao C 8 p2\Introducao C 8 p2.vcxproj", "{5CFBD487-6E34-48C9-8E3A-91B156EF9483}"
EndProject
Project("{8BC9CEB8-8B4A-11D0-8D11-00A0C91BC942}") = "Introducao C 8 p3", "Introducao C 8 p3\Introducao C 8 p3.vcxproj", "{99C130FE-0B82-42C0-A170-CEF83F81A755}"
EndProject
Project("{8BC9CEB8-8B4A-11D0-8D11-00A0C91BC942}") = "Introducao C 8 p4", "Introducao C 8 p4\Introducao C 8 p4.vcxproj", "{BC78E469-4328-444E-8C0E-FE371F89CB2F}"
EndProject
Project("{8BC9CEB8-8B4A-11D0-8D11-00A0C91BC942}") = "Introducao C 8 p5", "Introducao C 8 p5\Introducao C 8 p5.vcxproj", "{38E44D43-631F-4E6E-9F9D-9ED9B6AD3E00}"
EndProject
Project("{8BC9CEB8-8B4A-11D0-8D11-00A0C91BC942}") = "Introducao C 8 p6", "Introducao C 8 p6\Introducao C 8 p6.vcxproj", "{C31DA74F-FF10-4116-B3EE-3076D6893293}"
EndProject
Global
	GlobalSection(SolutionConfigurationPlatforms) = preSolution
		Debug|x64 = Debug|x64
		Debug|x86 = Debug|x86
		Release|x64 = Release|x64
		Release|x86 = Release|x86
	EndGlobalSection
	GlobalSection(ProjectConfigurationPlatforms) = postSolution
		{2D6EBEC3-3225-4821-8E7B-46259BF5CE25}.Debug|x64.ActiveCfg = Debug|x64
		{2D6EBEC3-3225-4821-8E7B-46259BF5CE25}.Debug|x64.Build.0 = Debug|x64
		{2D6EBEC3-3225-4821-8E7B-46259BF5CE25}.Debug|x86.ActiveCfg = Debug|Win32
		{2D6EBEC3-3225-4821-8E7B-46259BF5CE25}.Debug|x86.Build.0 = Debug|Win32
		{2D6EBEC3-3225-4821-8E7B-46259BF5CE25}.Release|x64.ActiveCfg = Release|x64
		{2D6EBEC3-3225-4821-8E7B-46259BF5CE25}.Release|x64.Build.0 = Release|x64
		{2D6EBEC3-3225-4821-8E7B-46259BF5CE25}.Release|x86.ActiveCfg = Release|Win32
		{2D6EBEC3-3225-4821-8E7B-46259BF5CE25}.Release|x86.Build.0 = Release|Win32
		{92FC1A7E-0BA1-4D3B-9CFF-F9C89AFDC66E}.Debug|x64.ActiveCfg = Debug|x64
		{92FC1A7E-0BA1-4D3B-9CFF-F9C89AFDC66E}.Debug|x64.Build.0 = Debug|x64
		{92FC1A7E-0BA1-4D3B-9CFF-F9C89AFDC66E}.Debug|x86.ActiveCfg = Debug|Win32
		{92FC1A7E-0BA1-4D3B-9CFF-F9C89AFDC66E}.Debug|x86.Build.0 = Debug|Win32
		{92FC1A7E-0BA1-4D3B-9CFF-F9C89AFDC66E}.Release|x64.ActiveCfg = Release|x64
		{92FC1A7E-0BA1-4D3B-9CFF-F9C89AFDC66E}.Release|x64.Build.0 = Release|x64
		{92FC1A7E-0BA1-4D3B-9CFF-F9C89AFDC66E}.Release|x86.ActiveCfg = Release|Win32
		{92FC1A7E-0BA1-4D3B-9CFF-F9C89AFDC66E}.Release|x86.Build.0 = Release|Win32
		{F01899B9-0878-42D6-9D65-D778C5703313}.Debug|x64.ActiveCfg = Debug|x64
		{F01899B9-0878-42D6-9D65-D778C5703313}.Debug|x64.Build.0 = Debug|x64
		{F01899B9-0878-42D6-9D65-D778C5703313}.Debug|x86.ActiveCfg = Debug|Win32
		{F01899B9-0878-42D6-9D65-D778C5703313}.Debug|x86.Build.0 = Debug|Win32
		{F01899B9-0878-42D6-9D65-D778C5703313}.Release|x64.ActiveCfg = Release|x64
		{F01899B9-0878-42D6-9D65-D778C5703313}.Release|x64.Build.0 = Release|x64
		{F01899B9-0878-42D6-9D65-D778C5703313}.Release|x86.ActiveCfg = Release|Win32
		{F01899B9-0878-42D6-9D65-D778C5703313}.Release|x86.Build.0 = Release|Win32
		{22896EA6-C5B7-4BD6-9F1D-94206A2D6924}.Debug|x64.ActiveCfg = Debug|x64
		{22896EA6-C5B7-4BD6-9F1D-94206A2D6924}.Debug|x64.Build.0 = Debug|x64
		{22896EA6-C5B7-4BD6-9F1D-94206A2D6924}.Debug|x86.ActiveCfg = Debug|Win32
		{22896EA6-C5B7-4BD6-9F1D-94206A2D6924}.Debug|x86.Build.0 = Debug|Win32
		{22896EA6-C5B7-4BD6-9F1D-94206A2D6924}.Release|x64.ActiveCfg = Release|x64
		{22896EA6-C5B7-4BD6-9F1D-94206A2D6924}.Release|x64.Build.0 = Release|x64
		{22896EA6-C5B7-4BD6-9F1D-94206A2D6924}.Release|x86.ActiveCfg = Release|Win32
		{22896EA6-C5B7-4BD6-9F1D-94206A2D6924}.Release|x86.Build.0 = Release|Win32
		{B685AC3E-6DE8-4BDE-82C9-6C40E4B5039B}.Debug|x64.ActiveCfg = Debug|x64
		{B685AC3E-6DE8-4BDE-82C9-6C40E4B5039B}.Debug|x64.Build.0 = Debug|x64
		{B685AC3E-6DE8-4BDE-82C9-6C40E4B5039B}.Debug|x86.ActiveCfg = Debug|Win32
		{B685AC3E-6DE8-4BDE-82C9-6C40E4B5039B}.Debug|x86.Build.0 = Debug|Win32
		{B685AC3E-6DE8-4BDE-82C9-6C40E4B5039B}.Release|x64.ActiveCfg = Release|x64
		{B685AC3E-6DE8-4BDE-82C9-6C40E4B5039B}.Release|x64.Build.0 = Release|x64
		{B685AC3E-6DE8-4BDE-82C9-6C40E4B5039B}.Release|x86.ActiveCfg = Release|Win32
		{B685AC3E-6DE8-4BDE-82C9-6C40E4B5039B}.Release|x86.Build.0 = Release|Win32
		{FB41F419-D1A0-4D53-976C-27EDC00F7F15}.Debug|x64.ActiveCfg = Debug|x64
		{FB41F419-D1A0-4D53-976C-27EDC00F7F15}.Debug|x64.Build.0 = Debug|x64
		{FB41F419-D1A0-4D53-976C-27EDC00F7F15}.Debug|x86.ActiveCfg = Debug|Win32
		{FB41F419-D1A0-4D53-976C-27EDC00F7F15}.Debug|x86.Build.0 = Debug|Win32
		{FB41F419-D1A0-4D53-976C-27EDC00F7F15}.Release|x64.ActiveCfg = Release|x64
		{FB41F419-D1A0-4D53-976C-27EDC00F7F15}.Release|x64.Build.0 = Release|x64
		{FB41F419-D1A0-4D53-976C-27EDC00F7F15}.Release|x86.ActiveCfg = Release|Win32
		{FB41F419-D1A0-4D53-976C-27EDC00F7F15}.Release|x86.Build.0 = Release|Win32
		{BA0FF488-4A55-4663-882A-A1641A1A6E85}.Debug|x64.ActiveCfg = Debug|x64
		{BA0FF488-4A55-4663-882A-A1641A1A6E85}.Debug|x64.Build.0 = Debug|x64
		{BA0FF488-4A55-4663-882A-A1641A1A6E85}.Debug|x86.ActiveCfg = Debug|Win32
		{BA0FF488-4A55-4663-882A-A1641A1A6E85}.Debug|x86.Build.0 = Debug|Win32
		{BA0FF488-4A55-4663-882A-A1641A1A6E85}.Release|x64.ActiveCfg = Release|x64
		{BA0FF488-4A55-4663-882A-A1641A1A6E85}.Release|x64.Build.0 = Release|x64
		{BA0FF488-4A55-4663-882A-A1641A1A6E85}.Release|x86.ActiveCfg = Release|Win32
		{BA0FF488-4A55-4663-882A-A1641A1A6E85}.Release|x86.Build.0 = Release|Win32
		{0674812A-A703-4C7C-A8CD-70ED0C8CFD55}.Debug|x64.ActiveCfg = Debug|x64
		{0674812A-A703-4C7C-A8CD-70ED0C8CFD55}.Debug|x64.Build.0 = Debug|x64
		{0674812A-A703-4C7C-A8CD-70ED0C8CFD55}.Debug|x86.ActiveCfg = Debug|Win32
		{0674812A-A703-4C7C-A8CD-70ED0C8CFD55}.Debug|x86.Build.0 = Debug|Win32
		{0674812A-A703-4C7C-A8CD-70ED0C8CFD55}.Release|x64.ActiveCfg = Release|x64
		{0674812A-A703-4C7C-A8CD-70ED0C8CFD55}.Release|x64.Build.0 = Release|x64
		{0674812A-A703-4C7C-A8CD-70ED0C8CFD55}.Release|x86.ActiveCfg = Release|Win32
		{0674812A-A703-4C7C-A8CD-70ED0C8CFD55}.Release|x86.Build.0 = Release|Win32
		{2B96A793-C12D-4F19-A788-9DC07E4C52CD}.Debug|x64.ActiveCfg = Debug|x64
		{2B96A793-C12D-4F19-A788-9DC07E4C52CD}.Debug|x64.Build.0 = Debug|x64
		{2B96A793-C12D-4F19-A788-9DC07E4C52CD}.Debug|x86.ActiveCfg = Debug|Win32
		{2B96A793-C12D-4F19-A788-9DC07E4C52CD}.Debug|x86.Build.0 = Debug|Win32
		{2B96A793-C12D-4F19-A788-9DC07E4C52CD}.Release|x64.ActiveCfg = Release|x64
		{2B96A793-C12D-4F19-A788-9DC07E4C52CD}.Release|x64.Build.0 = Release|x64
		{2B96A793-C12D-4F19-A788-9DC07E4C52CD}.Release|x86.ActiveCfg = Release|Win32
		{2B96A793-C12D-4F19-A788-9DC07E4C52CD}.Release|x86.Build.0 = Release|Win32
		{9B8F7493-9833-4323-8D30-13E75D1C763C}.Debug|x64.ActiveCfg = Debug|x64
		{9B8F7493-9833-4323-8D30-13E75D1C763C}.Debug|x64.Build.0 = Debug|x64
		{9B8F7493-9833-4323-8D30-13E75D1C763C}.Debug|x86.ActiveCfg = Debug|Win32
		{9B8F7493-9833-4323-8D30-13E75D1C763C}.Debug|x86.Build.0 = Debug|Win32
		{9B8F7493-9833-4323-8D30-13E75D1C763C}.Release|x64.ActiveCfg = Release|x64
		{9B8F7493-9833-4323-8D30-13E75D1C763C}.Release|x64.Build.0 = Release|x64
		{9B8F7493-9833-4323-8D30-13E75D1C763C}.Release|x86.ActiveCfg = Release|Win32
		{9B8F7493-9833-4323-8D30-13E75D1C763C}.Release|x86.Build.0 = Release|Win32
		{5CFBD487-6E34-48C9-8E3A-91B156EF9483}.Debug|x64.ActiveCfg = Debug|x64
		{5CFBD487-6E34-48C9-8E3A-91B156EF9483}.Debug|x64.Build.0 = Debug|x64
		{5CFBD487-6E34-48C9-8E3A-91B156EF9483}.Debug|x86.ActiveCfg = Debug|Win32
		{5CFBD487-6E34-48C9-8E3A-91B156EF9483}.Debug|x86.Build.0 = Debug|Win32
		{5CFBD487-6E34-48C9-8E3A-91B156EF9483}.Release|x64.ActiveCfg = Release|x64
		{5CFBD487-6E34-48C9-8E3A-91B156EF9483}.Release|x64.Build.0 = Release|x64
		{5CFBD487-6E34-48C9-8E3A-91B156EF9483}.Release|x86.ActiveCfg = Release|Win32
		{5CFBD487-6E34-48C9-8E3A-91B156EF9483}.Release|x86.Build.0 = Release|Win32
		{99C130FE-0B82-42C0-A170-CEF83F81A755}.Debug|x64.ActiveCfg = Debug|x64
		{99C130FE-0B82-42C0-A170-CEF83F81A755}.Debug|x64.Build.0 = Debug|x64
		{99C130FE-0B82-42C0-A170-CEF83F81A755}.Debug|x86.ActiveCfg = Debug|Win32
		{99C130FE-0B82-42C0-A170-CEF83F81A755}.Debug|x86.Build.0 = Debug|Win32
		{99C130FE-0B82-42C0-A170-CEF83F81A755}.Release|x64.ActiveCfg = Release|x64
		{99C130FE-0B82-42C0-A170-CEF83F81A755}.Release|x64.Build.0 = Release|x64
		{99C130FE-0B82-42C0-A170-CEF83F81A755}.Release|x86.ActiveCfg = Release|Win32
		{99C130FE-0B82-42C0-A170-CEF83F81A755}.Release|x86.Build.0 = Release|Win32
		{BC78E469-4328-444E-8C0E-FE371F89CB2F}.Debug|x64.ActiveCfg = Debug|x64
		{BC78E469-4328-444E-8C0E-FE371F89CB2F}.Debug|x64.Build.0 = Debug|x64
		{BC78E469-4328-444E-8C0E-FE371F89CB2F}.Debug|x86.ActiveCfg = Debug|Win32
		{BC78E469-4328-444E-8C0E-FE371F89CB2F}.Debug|x86.Build.0 = Debug|Win32
		{BC78E469-4328-444E-8C0E-FE371F89CB2F}.Release|x64.ActiveCfg = Release|x64
		{BC78E469-4328-444E-8C0E-FE371F89CB2F}.Release|x64.Build.0 = Release|x64
		{BC78E469-4328-444E-8C0E-FE371F89CB2F}.Release|x86.ActiveCfg = Release|Win32
		{BC78E469-4328-444E-8C0E-FE371F89CB2F}.Release|x86.Build.0 = Release|Win32
		{38E44D43-631F-4E6E-9F9D-9ED9B6AD3E00}.Debug|x64.ActiveCfg = Debug|x64
		{38E44D43-631F-4E6E-9F9D-9ED9B6AD3E00}.Debug|x64.Build.0 = Debug|x64
		{38E44D43-631F-4E6E-9F9D-9ED9B6AD3E00}.Debug|x86.ActiveCfg = Debug|Win32
		{38E44D43-631F-4E6E-9F9D-9ED9B6AD3E00}.Debug|x86.Build.0 = Debug|Win32
		{38E44D43-631F-4E6E-9F9D-9ED9B6AD3E00}.Release|x64.ActiveCfg = Release|x64
		{38E44D43-631F-4E6E-9F9D-9ED9B6AD3E00}.Release|x64.Build.0 = Release|x64
		{38E44D43-631F-4E6E-9F9D-9ED9B6AD3E00}.Release|x86.ActiveCfg = Release|Win32
		{38E44D43-631F-4E6E-9F9D-9ED9B6AD3E00}.Release|x86.Build.0 = Release|Win32
		{C31DA74F-FF10-4116-B3EE-3076D6893293}.Debug|x64.ActiveCfg = Debug|x64
		{C31DA74F-FF10-4116-B3EE-3076D6893293}.Debug|x64.Build.0 = Debug|x64
		{C31DA74F-FF10-4116-B3EE-3076D6893293}.Debug|x86.ActiveCfg = Debug|Win32
		{C31DA74F-FF10-4116-B3EE-3076D6893293}.Debug|x86.Build.0 = Debug|Win32
		{C31DA74F-FF10-4116-B3EE-3076D6893293}.Release|x64.ActiveCfg = Release|x64
		{C31DA74F-FF10-4116-B3EE-3076D6893293}.Release|x64.Build.0 = Release|x64
		{C31DA74F-FF10-4116-B3EE-3076D6893293}.Release|x86.ActiveCfg = Release|Win32
		{C31DA74F-FF10-4116-B3EE-3076D6893293}.Release|x86.Build.0 = Release|Win32
	EndGlobalSection
	GlobalSection(SolutionProperties) = preSolution
		HideSolutionNode = FALSE
	EndGlobalSection
	GlobalSection(ExtensibilityGlobals) = postSolution
		SolutionGuid = {BB4DC37E-0066-49B9-B5FF-C0A00DA30E9E}
	EndGlobalSection
EndGlobal
